<Solution>
  <Project Path="TipGame.Api/TipGame.Api.csproj" />
  <Project Path="TipGame.Blazor/TipGame.Blazor.csproj" />
  <Project Path="TipGame.Domain/TipGame.Domain.csproj" />
  <Project Path="TipGame.Infrastructure/TipGame.Infrastructure.csproj" />
  <Project Path="TipGame.Shared/TipGame.Shared.csproj" />
</Solution>
